// !$*UTF8*$!
{
	archiveVersion = 1;
	classes = {
	};
	objectVersion = 46;
	objects = {

/* Begin PBXBuildFile section */
		1E4E6FB41B73AFFA00169A80 /* AppDelegate.swift in Sources */ = {isa = PBXBuildFile; fileRef = 1E4E6FB31B73AFFA00169A80 /* AppDelegate.swift */; };
		1E4E6FB91B73AFFA00169A80 /* Main.storyboard in Resources */ = {isa = PBXBuildFile; fileRef = 1E4E6FB71B73AFFA00169A80 /* Main.storyboard */; };
		1E4E6FBB1B73AFFA00169A80 /* Images.xcassets in Resources */ = {isa = PBXBuildFile; fileRef = 1E4E6FBA1B73AFFA00169A80 /* Images.xcassets */; };
		1E4E6FBE1B73AFFA00169A80 /* LaunchScreen.xib in Resources */ = {isa = PBXBuildFile; fileRef = 1E4E6FBC1B73AFFA00169A80 /* LaunchScreen.xib */; };
		1E4E6FCA1B73AFFA00169A80 /* TillerCodingTestTests.swift in Sources */ = {isa = PBXBuildFile; fileRef = 1E4E6FC91B73AFFA00169A80 /* TillerCodingTestTests.swift */; };
		1E4E6FD91B73B09D00169A80 /* CategoriesModelBuilder.swift in Sources */ = {isa = PBXBuildFile; fileRef = 1E4E6FD31B73B09D00169A80 /* CategoriesModelBuilder.swift */; };
		1E4E6FDA1B73B09D00169A80 /* CategoriesTableViewController.swift in Sources */ = {isa = PBXBuildFile; fileRef = 1E4E6FD41B73B09D00169A80 /* CategoriesTableViewController.swift */; };
		1E4E6FDB1B73B09D00169A80 /* Category.swift in Sources */ = {isa = PBXBuildFile; fileRef = 1E4E6FD51B73B09D00169A80 /* Category.swift */; };
		1E4E6FDC1B73B09D00169A80 /* JSONService.swift in Sources */ = {isa = PBXBuildFile; fileRef = 1E4E6FD61B73B09D00169A80 /* JSONService.swift */; };
		1E4E6FDD1B73B09D00169A80 /* Product.swift in Sources */ = {isa = PBXBuildFile; fileRef = 1E4E6FD71B73B09D00169A80 /* Product.swift */; };
		1E4E6FDE1B73B09D00169A80 /* SwiftyJSON.swift in Sources */ = {isa = PBXBuildFile; fileRef = 1E4E6FD81B73B09D00169A80 /* SwiftyJSON.swift */; };
		1E4E6FE31B73D01900169A80 /* ProductsTableViewController.swift in Sources */ = {isa = PBXBuildFile; fileRef = 1E4E6FE21B73D01900169A80 /* ProductsTableViewController.swift */; };
		1E4E6FE61B73D4E200169A80 /* ProductTableViewCell.swift in Sources */ = {isa = PBXBuildFile; fileRef = 1E4E6FE41B73D4E200169A80 /* ProductTableViewCell.swift */; };
		1E4E6FE71B73D4E200169A80 /* ProductTableViewCell.xib in Resources */ = {isa = PBXBuildFile; fileRef = 1E4E6FE51B73D4E200169A80 /* ProductTableViewCell.xib */; };
/* End PBXBuildFile section */

/* Begin PBXContainerItemProxy section */
		1E4E6FC41B73AFFA00169A80 /* PBXContainerItemProxy */ = {
			isa = PBXContainerItemProxy;
			containerPortal = 1E4E6FA61B73AFFA00169A80 /* Project object */;
			proxyType = 1;
			remoteGlobalIDString = 1E4E6FAD1B73AFFA00169A80;
			remoteInfo = TillerCodingTest;
		};
/* End PBXContainerItemProxy section */

/* Begin PBXFileReference section */
		1E4E6FAE1B73AFFA00169A80 /* TillerCodingTest.app */ = {isa = PBXFileReference; explicitFileType = wrapper.application; includeInIndex = 0; path = TillerCodingTest.app; sourceTree = BUILT_PRODUCTS_DIR; };
		1E4E6FB21B73AFFA00169A80 /* Info.plist */ = {isa = PBXFileReference; lastKnownFileType = text.plist.xml; path = Info.plist; sourceTree = "<group>"; };
		1E4E6FB31B73AFFA00169A80 /* AppDelegate.swift */ = {isa = PBXFileReference; lastKnownFileType = sourcecode.swift; path = AppDelegate.swift; sourceTree = "<group>"; };
		1E4E6FB81B73AFFA00169A80 /* Base */ = {isa = PBXFileReference; lastKnownFileType = file.storyboard; name = Base; path = Base.lproj/Main.storyboard; sourceTree = "<group>"; };
		1E4E6FBA1B73AFFA00169A80 /* Images.xcassets */ = {isa = PBXFileReference; lastKnownFileType = folder.assetcatalog; path = Images.xcassets; sourceTree = "<group>"; };
		1E4E6FBD1B73AFFA00169A80 /* Base */ = {isa = PBXFileReference; lastKnownFileType = file.xib; name = Base; path = Base.lproj/LaunchScreen.xib; sourceTree = "<group>"; };
		1E4E6FC31B73AFFA00169A80 /* TillerCodingTestTests.xctest */ = {isa = PBXFileReference; explicitFileType = wrapper.cfbundle; includeInIndex = 0; path = TillerCodingTestTests.xctest; sourceTree = BUILT_PRODUCTS_DIR; };
		1E4E6FC81B73AFFA00169A80 /* Info.plist */ = {isa = PBXFileReference; lastKnownFileType = text.plist.xml; path = Info.plist; sourceTree = "<group>"; };
		1E4E6FC91B73AFFA00169A80 /* TillerCodingTestTests.swift */ = {isa = PBXFileReference; lastKnownFileType = sourcecode.swift; path = TillerCodingTestTests.swift; sourceTree = "<group>"; };
		1E4E6FD31B73B09D00169A80 /* CategoriesModelBuilder.swift */ = {isa = PBXFileReference; fileEncoding = 4; lastKnownFileType = sourcecode.swift; path = CategoriesModelBuilder.swift; sourceTree = "<group>"; };
		1E4E6FD41B73B09D00169A80 /* CategoriesTableViewController.swift */ = {isa = PBXFileReference; fileEncoding = 4; lastKnownFileType = sourcecode.swift; path = CategoriesTableViewController.swift; sourceTree = "<group>"; };
		1E4E6FD51B73B09D00169A80 /* Category.swift */ = {isa = PBXFileReference; fileEncoding = 4; lastKnownFileType = sourcecode.swift; path = Category.swift; sourceTree = "<group>"; };
		1E4E6FD61B73B09D00169A80 /* JSONService.swift */ = {isa = PBXFileReference; fileEncoding = 4; lastKnownFileType = sourcecode.swift; path = JSONService.swift; sourceTree = "<group>"; };
		1E4E6FD71B73B09D00169A80 /* Product.swift */ = {isa = PBXFileReference; fileEncoding = 4; lastKnownFileType = sourcecode.swift; path = Product.swift; sourceTree = "<group>"; };
		1E4E6FD81B73B09D00169A80 /* SwiftyJSON.swift */ = {isa = PBXFileReference; fileEncoding = 4; lastKnownFileType = sourcecode.swift; path = SwiftyJSON.swift; sourceTree = "<group>"; };
		1E4E6FE21B73D01900169A80 /* ProductsTableViewController.swift */ = {isa = PBXFileReference; fileEncoding = 4; lastKnownFileType = sourcecode.swift; path = ProductsTableViewController.swift; sourceTree = "<group>"; };
		1E4E6FE41B73D4E200169A80 /* ProductTableViewCell.swift */ = {isa = PBXFileReference; fileEncoding = 4; lastKnownFileType = sourcecode.swift; path = ProductTableViewCell.swift; sourceTree = "<group>"; };
		1E4E6FE51B73D4E200169A80 /* ProductTableViewCell.xib */ = {isa = PBXFileReference; fileEncoding = 4; lastKnownFileType = file.xib; path = ProductTableViewCell.xib; sourceTree = "<group>"; };
/* End PBXFileReference section */

/* Begin PBXFrameworksBuildPhase section */
		1E4E6FAB1B73AFFA00169A80 /* Frameworks */ = {
			isa = PBXFrameworksBuildPhase;
			buildActionMask = 2147483647;
			files = (
			);
			runOnlyForDeploymentPostprocessing = 0;
		};
		1E4E6FC01B73AFFA00169A80 /* Frameworks */ = {
			isa = PBXFrameworksBuildPhase;
			buildActionMask = 2147483647;
			files = (
			);
			runOnlyForDeploymentPostprocessing = 0;
		};
/* End PBXFrameworksBuildPhase section */

/* Begin PBXGroup section */
		1E4E6FA51B73AFFA00169A80 = {
			isa = PBXGroup;
			children = (
				1E4E6FB01B73AFFA00169A80 /* TillerCodingTest */,
				1E4E6FC61B73AFFA00169A80 /* TillerCodingTestTests */,
				1E4E6FAF1B73AFFA00169A80 /* Products */,
			);
			sourceTree = "<group>";
		};
		1E4E6FAF1B73AFFA00169A80 /* Products */ = {
			isa = PBXGroup;
			children = (
				1E4E6FAE1B73AFFA00169A80 /* TillerCodingTest.app */,
				1E4E6FC31B73AFFA00169A80 /* TillerCodingTestTests.xctest */,
			);
			name = Products;
			sourceTree = "<group>";
		};
		1E4E6FB01B73AFFA00169A80 /* TillerCodingTest */ = {
			isa = PBXGroup;
			children = (
				1E4E6FE11B73B0AF00169A80 /* Libraries */,
				1E4E6FE01B73B0AB00169A80 /* Models */,
				1E4E6FDF1B73B0A300169A80 /* Networking */,
				1E4E6FD41B73B09D00169A80 /* CategoriesTableViewController.swift */,
				1E4E6FB31B73AFFA00169A80 /* AppDelegate.swift */,
				1E4E6FE21B73D01900169A80 /* ProductsTableViewController.swift */,
				1E4E6FE41B73D4E200169A80 /* ProductTableViewCell.swift */,
				1E4E6FE51B73D4E200169A80 /* ProductTableViewCell.xib */,
				1E4E6FB71B73AFFA00169A80 /* Main.storyboard */,
				1E4E6FBA1B73AFFA00169A80 /* Images.xcassets */,
				1E4E6FBC1B73AFFA00169A80 /* LaunchScreen.xib */,
				1E4E6FB11B73AFFA00169A80 /* Supporting Files */,
			);
			path = TillerCodingTest;
			sourceTree = "<group>";
		};
		1E4E6FB11B73AFFA00169A80 /* Supporting Files */ = {
			isa = PBXGroup;
			children = (
				1E4E6FB21B73AFFA00169A80 /* Info.plist */,
			);
			name = "Supporting Files";
			sourceTree = "<group>";
		};
		1E4E6FC61B73AFFA00169A80 /* TillerCodingTestTests */ = {
			isa = PBXGroup;
			children = (
				1E4E6FC91B73AFFA00169A80 /* TillerCodingTestTests.swift */,
				1E4E6FC71B73AFFA00169A80 /* Supporting Files */,
			);
			path = TillerCodingTestTests;
			sourceTree = "<group>";
		};
		1E4E6FC71B73AFFA00169A80 /* Supporting Files */ = {
			isa = PBXGroup;
			children = (
				1E4E6FC81B73AFFA00169A80 /* Info.plist */,
			);
			name = "Supporting Files";
			sourceTree = "<group>";
		};
		1E4E6FDF1B73B0A300169A80 /* Networking */ = {
			isa = PBXGroup;
			children = (
				1E4E6FD61B73B09D00169A80 /* JSONService.swift */,
			);
			name = Networking;
			sourceTree = "<group>";
		};
		1E4E6FE01B73B0AB00169A80 /* Models */ = {
			isa = PBXGroup;
			children = (
				1E4E6FD31B73B09D00169A80 /* CategoriesModelBuilder.swift */,
				1E4E6FD51B73B09D00169A80 /* Category.swift */,
				1E4E6FD71B73B09D00169A80 /* Product.swift */,
			);
			name = Models;
			sourceTree = "<group>";
		};
		1E4E6FE11B73B0AF00169A80 /* Libraries */ = {
			isa = PBXGroup;
			children = (
				1E4E6FD81B73B09D00169A80 /* SwiftyJSON.swift */,
			);
			name = Libraries;
			sourceTree = "<group>";
		};
/* End PBXGroup section */

/* Begin PBXNativeTarget section */
		1E4E6FAD1B73AFFA00169A80 /* TillerCodingTest */ = {
			isa = PBXNativeTarget;
			buildConfigurationList = 1E4E6FCD1B73AFFA00169A80 /* Build configuration list for PBXNativeTarget "TillerCodingTest" */;
			buildPhases = (
				1E4E6FAA1B73AFFA00169A80 /* Sources */,
				1E4E6FAB1B73AFFA00169A80 /* Frameworks */,
				1E4E6FAC1B73AFFA00169A80 /* Resources */,
			);
			buildRules = (
			);
			dependencies = (
			);
			name = TillerCodingTest;
			productName = TillerCodingTest;
			productReference = 1E4E6FAE1B73AFFA00169A80 /* TillerCodingTest.app */;
			productType = "com.apple.product-type.application";
		};
		1E4E6FC21B73AFFA00169A80 /* TillerCodingTestTests */ = {
			isa = PBXNativeTarget;
			buildConfigurationList = 1E4E6FD01B73AFFA00169A80 /* Build configuration list for PBXNativeTarget "TillerCodingTestTests" */;
			buildPhases = (
				1E4E6FBF1B73AFFA00169A80 /* Sources */,
				1E4E6FC01B73AFFA00169A80 /* Frameworks */,
				1E4E6FC11B73AFFA00169A80 /* Resources */,
			);
			buildRules = (
			);
			dependencies = (
				1E4E6FC51B73AFFA00169A80 /* PBXTargetDependency */,
			);
			name = TillerCodingTestTests;
			productName = TillerCodingTestTests;
			productReference = 1E4E6FC31B73AFFA00169A80 /* TillerCodingTestTests.xctest */;
			productType = "com.apple.product-type.bundle.unit-test";
		};
/* End PBXNativeTarget section */

/* Begin PBXProject section */
		1E4E6FA61B73AFFA00169A80 /* Project object */ = {
			isa = PBXProject;
			attributes = {
				LastUpgradeCheck = 0640;
				ORGANIZATIONNAME = "Jérémie Foucault";
				TargetAttributes = {
					1E4E6FAD1B73AFFA00169A80 = {
						CreatedOnToolsVersion = 6.4;
					};
					1E4E6FC21B73AFFA00169A80 = {
						CreatedOnToolsVersion = 6.4;
						TestTargetID = 1E4E6FAD1B73AFFA00169A80;
					};
				};
			};
			buildConfigurationList = 1E4E6FA91B73AFFA00169A80 /* Build configuration list for PBXProject "TillerCodingTest" */;
			compatibilityVersion = "Xcode 3.2";
			developmentRegion = English;
			hasScannedForEncodings = 0;
			knownRegions = (
				en,
				Base,
			);
			mainGroup = 1E4E6FA51B73AFFA00169A80;
			productRefGroup = 1E4E6FAF1B73AFFA00169A80 /* Products */;
			projectDirPath = "";
			projectRoot = "";
			targets = (
				1E4E6FAD1B73AFFA00169A80 /* TillerCodingTest */,
				1E4E6FC21B73AFFA00169A80 /* TillerCodingTestTests */,
			);
		};
/* End PBXProject section */

/* Begin PBXResourcesBuildPhase section */
		1E4E6FAC1B73AFFA00169A80 /* Resources */ = {
			isa = PBXResourcesBuildPhase;
			buildActionMask = 2147483647;
			files = (
				1E4E6FB91B73AFFA00169A80 /* Main.storyboard in Resources */,
				1E4E6FE71B73D4E200169A80 /* ProductTableViewCell.xib in Resources */,
				1E4E6FBE1B73AFFA00169A80 /* LaunchScreen.xib in Resources */,
				1E4E6FBB1B73AFFA00169A80 /* Images.xcassets in Resources */,
			);
			runOnlyForDeploymentPostprocessing = 0;
		};
		1E4E6FC11B73AFFA00169A80 /* Resources */ = {
			isa = PBXResourcesBuildPhase;
			buildActionMask = 2147483647;
			files = (
			);
			runOnlyForDeploymentPostprocessing = 0;
		};
/* End PBXResourcesBuildPhase section */

/* Begin PBXSourcesBuildPhase section */
		1E4E6FAA1B73AFFA00169A80 /* Sources */ = {
			isa = PBXSourcesBuildPhase;
			buildActionMask = 2147483647;
			files = (
				1E4E6FDA1B73B09D00169A80 /* CategoriesTableViewController.swift in Sources */,
				1E4E6FDC1B73B09D00169A80 /* JSONService.swift in Sources */,
				1E4E6FE61B73D4E200169A80 /* ProductTableViewCell.swift in Sources */,
				1E4E6FB41B73AFFA00169A80 /* AppDelegate.swift in Sources */,
				1E4E6FD91B73B09D00169A80 /* CategoriesModelBuilder.swift in Sources */,
				1E4E6FDB1B73B09D00169A80 /* Category.swift in Sources */,
				1E4E6FE31B73D01900169A80 /* ProductsTableViewController.swift in Sources */,
				1E4E6FDE1B73B09D00169A80 /* SwiftyJSON.swift in Sources */,
				1E4E6FDD1B73B09D00169A80 /* Product.swift in Sources */,
			);
			runOnlyForDeploymentPostprocessing = 0;
		};
		1E4E6FBF1B73AFFA00169A80 /* Sources */ = {
			isa = PBXSourcesBuildPhase;
			buildActionMask = 2147483647;
			files = (
				1E4E6FCA1B73AFFA00169A80 /* TillerCodingTestTests.swift in Sources */,
			);
			runOnlyForDeploymentPostprocessing = 0;
		};
/* End PBXSourcesBuildPhase section */

/* Begin PBXTargetDependency section */
		1E4E6FC51B73AFFA00169A80 /* PBXTargetDependency */ = {
			isa = PBXTargetDependency;
			target = 1E4E6FAD1B73AFFA00169A80 /* TillerCodingTest */;
			targetProxy = 1E4E6FC41B73AFFA00169A80 /* PBXContainerItemProxy */;
		};
/* End PBXTargetDependency section */

/* Begin PBXVariantGroup section */
		1E4E6FB71B73AFFA00169A80 /* Main.storyboard */ = {
			isa = PBXVariantGroup;
			children = (
				1E4E6FB81B73AFFA00169A80 /* Base */,
			);
			name = Main.storyboard;
			sourceTree = "<group>";
		};
		1E4E6FBC1B73AFFA00169A80 /* LaunchScreen.xib */ = {
			isa = PBXVariantGroup;
			children = (
				1E4E6FBD1B73AFFA00169A80 /* Base */,
			);
			name = LaunchScreen.xib;
			sourceTree = "<group>";
		};
/* End PBXVariantGroup section */

/* Begin XCBuildConfiguration section */
		1E4E6FCB1B73AFFA00169A80 /* Debug */ = {
			isa = XCBuildConfiguration;
			buildSettings = {
				ALWAYS_SEARCH_USER_PATHS = NO;
				CLANG_CXX_LANGUAGE_STANDARD = "gnu++0x";
				CLANG_CXX_LIBRARY = "libc++";
				CLANG_ENABLE_MODULES = YES;
				CLANG_ENABLE_OBJC_ARC = YES;
				CLANG_WARN_BOOL_CONVERSION = YES;
				CLANG_WARN_CONSTANT_CONVERSION = YES;
				CLANG_WARN_DIRECT_OBJC_ISA_USAGE = YES_ERROR;
				CLANG_WARN_EMPTY_BODY = YES;
				CLANG_WARN_ENUM_CONVERSION = YES;
				CLANG_WARN_INT_CONVERSION = YES;
				CLANG_WARN_OBJC_ROOT_CLASS = YES_ERROR;
				CLANG_WARN_UNREACHABLE_CODE = YES;
				CLANG_WARN__DUPLICATE_METHOD_MATCH = YES;
				"CODE_SIGN_IDENTITY[sdk=iphoneos*]" = "iPhone Developer";
				COPY_PHASE_STRIP = NO;
				DEBUG_INFORMATION_FORMAT = "dwarf-with-dsym";
				ENABLE_STRICT_OBJC_MSGSEND = YES;
				GCC_C_LANGUAGE_STANDARD = gnu99;
				GCC_DYNAMIC_NO_PIC = NO;
				GCC_NO_COMMON_BLOCKS = YES;
				GCC_OPTIMIZATION_LEVEL = 0;
				GCC_PREPROCESSOR_DEFINITIONS = (
					"DEBUG=1",
					"$(inherited)",
				);
				GCC_SYMBOLS_PRIVATE_EXTERN = NO;
				GCC_WARN_64_TO_32_BIT_CONVERSION = YES;
				GCC_WARN_ABOUT_RETURN_TYPE = YES_ERROR;
				GCC_WARN_UNDECLARED_SELECTOR = YES;
				GCC_WARN_UNINITIALIZED_AUTOS = YES_AGGRESSIVE;
				GCC_WARN_UNUSED_FUNCTION = YES;
				GCC_WARN_UNUSED_VARIABLE = YES;
				IPHONEOS_DEPLOYMENT_TARGET = 8.4;
				MTL_ENABLE_DEBUG_INFO = YES;
				ONLY_ACTIVE_ARCH = YES;
				SDKROOT = iphoneos;
				SWIFT_OPTIMIZATION_LEVEL = "-Onone";
			};
			name = Debug;
		};
		1E4E6FCC1B73AFFA00169A80 /* Release */ = {
			isa = XCBuildConfiguration;
			buildSettings = {
				ALWAYS_SEARCH_USER_PATHS = NO;
				CLANG_CXX_LANGUAGE_STANDARD = "gnu++0x";
				CLANG_CXX_LIBRARY = "libc++";
				CLANG_ENABLE_MODULES = YES;
				CLANG_ENABLE_OBJC_ARC = YES;
				CLANG_WARN_BOOL_CONVERSION = YES;
				CLANG_WARN_CONSTANT_CONVERSION = YES;
				CLANG_WARN_DIRECT_OBJC_ISA_USAGE = YES_ERROR;
				CLANG_WARN_EMPTY_BODY = YES;
				CLANG_WARN_ENUM_CONVERSION = YES;
				CLANG_WARN_INT_CONVERSION = YES;
				CLANG_WARN_OBJC_ROOT_CLASS = YES_ERROR;
				CLANG_WARN_UNREACHABLE_CODE = YES;
				CLANG_WARN__DUPLICATE_METHOD_MATCH = YES;
				"CODE_SIGN_IDENTITY[sdk=iphoneos*]" = "iPhone Developer";
				COPY_PHASE_STRIP = NO;
				DEBUG_INFORMATION_FORMAT = "dwarf-with-dsym";
				ENABLE_NS_ASSERTIONS = NO;
				ENABLE_STRICT_OBJC_MSGSEND = YES;
				GCC_C_LANGUAGE_STANDARD = gnu99;
				GCC_NO_COMMON_BLOCKS = YES;
				GCC_WARN_64_TO_32_BIT_CONVERSION = YES;
				GCC_WARN_ABOUT_RETURN_TYPE = YES_ERROR;
				GCC_WARN_UNDECLARED_SELECTOR = YES;
				GCC_WARN_UNINITIALIZED_AUTOS = YES_AGGRESSIVE;
				GCC_WARN_UNUSED_FUNCTION = YES;
				GCC_WARN_UNUSED_VARIABLE = YES;
				IPHONEOS_DEPLOYMENT_TARGET = 8.4;
				MTL_ENABLE_DEBUG_INFO = NO;
				SDKROOT = iphoneos;
				VALIDATE_PRODUCT = YES;
			};
			name = Release;
		};
		1E4E6FCE1B73AFFA00169A80 /* Debug */ = {
			isa = XCBuildConfiguration;
			buildSettings = {
				ASSETCATALOG_COMPILER_APPICON_NAME = AppIcon;
				INFOPLIST_FILE = TillerCodingTest/Info.plist;
				LD_RUNPATH_SEARCH_PATHS = "$(inherited) @executable_path/Frameworks";
				PRODUCT_NAME = "$(TARGET_NAME)";
			};
			name = Debug;
		};
		1E4E6FCF1B73AFFA00169A80 /* Release */ = {
			isa = XCBuildConfiguration;
			buildSettings = {
				ASSETCATALOG_COMPILER_APPICON_NAME = AppIcon;
				INFOPLIST_FILE = TillerCodingTest/Info.plist;
				LD_RUNPATH_SEARCH_PATHS = "$(inherited) @executable_path/Frameworks";
				PRODUCT_NAME = "$(TARGET_NAME)";
			};
			name = Release;
		};
		1E4E6FD11B73AFFA00169A80 /* Debug */ = {
			isa = XCBuildConfiguration;
			buildSettings = {
				BUNDLE_LOADER = "$(TEST_HOST)";
				FRAMEWORK_SEARCH_PATHS = (
					"$(SDKROOT)/Developer/Library/Frameworks",
					"$(inherited)",
				);
				GCC_PREPROCESSOR_DEFINITIONS = (
					"DEBUG=1",
					"$(inherited)",
				);
				INFOPLIST_FILE = TillerCodingTestTests/Info.plist;
				LD_RUNPATH_SEARCH_PATHS = "$(inherited) @executable_path/Frameworks @loader_path/Frameworks";
				PRODUCT_NAME = "$(TARGET_NAME)";
				TEST_HOST = "$(BUILT_PRODUCTS_DIR)/TillerCodingTest.app/TillerCodingTest";
			};
			name = Debug;
		};
		1E4E6FD21B73AFFA00169A80 /* Release */ = {
			isa = XCBuildConfiguration;
			buildSettings = {
				BUNDLE_LOADER = "$(TEST_HOST)";
				FRAMEWORK_SEARCH_PATHS = (
					"$(SDKROOT)/Developer/Library/Frameworks",
					"$(inherited)",
				);
				INFOPLIST_FILE = TillerCodingTestTests/Info.plist;
				LD_RUNPATH_SEARCH_PATHS = "$(inherited) @executable_path/Frameworks @loader_path/Frameworks";
				PRODUCT_NAME = "$(TARGET_NAME)";
				TEST_HOST = "$(BUILT_PRODUCTS_DIR)/TillerCodingTest.app/TillerCodingTest";
			};
			name = Release;
		};
/* End XCBuildConfiguration section */

/* Begin XCConfigurationList section */
		1E4E6FA91B73AFFA00169A80 /* Build configuration list for PBXProject "TillerCodingTest" */ = {
			isa = XCConfigurationList;
			buildConfigurations = (
				1E4E6FCB1B73AFFA00169A80 /* Debug */,
				1E4E6FCC1B73AFFA00169A80 /* Release */,
			);
			defaultConfigurationIsVisible = 0;
			defaultConfigurationName = Release;
		};
		1E4E6FCD1B73AFFA00169A80 /* Build configuration list for PBXNativeTarget "TillerCodingTest" */ = {
			isa = XCConfigurationList;
			buildConfigurations = (
				1E4E6FCE1B73AFFA00169A80 /* Debug */,
				1E4E6FCF1B73AFFA00169A80 /* Release */,
			);
			defaultConfigurationIsVisible = 0;
			defaultConfigurationName = Release;
		};
		1E4E6FD01B73AFFA00169A80 /* Build configuration list for PBXNativeTarget "TillerCodingTestTests" */ = {
			isa = XCConfigurationList;
			buildConfigurations = (
				1E4E6FD11B73AFFA00169A80 /* Debug */,
				1E4E6FD21B73AFFA00169A80 /* Release */,
			);
			defaultConfigurationIsVisible = 0;
			defaultConfigurationName = Release;
		};
/* End XCConfigurationList section */
	};
	rootObject = 1E4E6FA61B73AFFA00169A80 /* Project object */;
}
